<?xml version="1.0" encoding="utf-8"?>
<Project ToolsVersion="4.0" xmlns="http://schemas.microsoft.com/developer/msbuild/2003">
  <ItemGroup>
    <Filter Include="소스 파일">
      <UniqueIdentifier>{4FC737F1-C7A5-4376-A066-2A32D752A2FF}</UniqueIdentifier>
      <Extensions>cpp;c;cc;cxx;def;odl;idl;hpj;bat;asm;asmx</Extensions>
    </Filter>
    <Filter Include="헤더 파일">
      <UniqueIdentifier>{93995380-89BD-4b04-88EB-625FBE52EBFB}</UniqueIdentifier>
      <Extensions>h;hh;hpp;hxx;hm;inl;inc;xsd</Extensions>
    </Filter>
    <Filter Include="리소스 파일">
      <UniqueIdentifier>{67DA6AB6-F800-4c08-8B7A-83BB121AAD01}</UniqueIdentifier>
      <Extensions>rc;ico;cur;bmp;dlg;rc2;rct;bin;rgs;gif;jpg;jpeg;jpe;resx;tiff;tif;png;wav;mfcribbon-ms</Extensions>
    </Filter>
    <Filter Include="2DGameFramework">
      <UniqueIdentifier>{b4146623-4b24-44c1-87dc-0e8cec034f06}</UniqueIdentifier>
    </Filter>
    <Filter Include="2DGameFramework\Manager">
      <UniqueIdentifier>{6962b22c-d548-4262-9752-fb1e528a3599}</UniqueIdentifier>
    </Filter>
    <Filter Include="2DGameFramework\SingletonBase">
      <UniqueIdentifier>{2a373353-7049-468b-aafa-704bf915bc37}</UniqueIdentifier>
    </Filter>
    <Filter Include="playGround">
      <UniqueIdentifier>{fa02fe7e-ee7e-4381-a0bc-0416f23a9e19}</UniqueIdentifier>
    </Filter>
    <Filter Include="2DGameFramework\utils">
      <UniqueIdentifier>{eb08efa7-ef11-477f-a6b9-eccfd2ad7362}</UniqueIdentifier>
    </Filter>
    <Filter Include="2DGameFramework\image">
      <UniqueIdentifier>{efeeb4a5-f3de-4942-a317-21258d10129e}</UniqueIdentifier>
    </Filter>
    <Filter Include="2DGameFramework\progressBar">
      <UniqueIdentifier>{f316504a-bdda-4a8d-b01b-87142c0dfff6}</UniqueIdentifier>
    </Filter>
    <Filter Include="2DGameFramework\txtData">
      <UniqueIdentifier>{6427a303-db83-46d4-9153-174a59ebbd5c}</UniqueIdentifier>
    </Filter>
    <Filter Include="2DGameFramework\timer">
      <UniqueIdentifier>{81a1ecf0-c5d4-4d38-aff0-88d627da739d}</UniqueIdentifier>
    </Filter>
    <Filter Include="2DGameFramework\animation">
      <UniqueIdentifier>{36edd43f-84b3-437b-a98f-8bee21478470}</UniqueIdentifier>
    </Filter>
    <Filter Include="2DGameFramework\effect">
      <UniqueIdentifier>{d5d4bd3c-2dec-49d9-bcb4-10db4f4b59c1}</UniqueIdentifier>
    </Filter>
    <Filter Include="2DGameFramework\button">
      <UniqueIdentifier>{fdd9079e-654a-4eca-b42b-ccdc2f90c269}</UniqueIdentifier>
    </Filter>
    <Filter Include="playGround\database">
      <UniqueIdentifier>{ba6f4ce8-e3a7-4f91-ae07-a11d46aeddf3}</UniqueIdentifier>
    </Filter>
    <Filter Include="2DGameFramework\action">
      <UniqueIdentifier>{b3e765fe-3f62-4682-9f1a-6ee96401a17c}</UniqueIdentifier>
    </Filter>
    <Filter Include="2DGameFramework\loading">
      <UniqueIdentifier>{74449c60-db19-4868-b90c-d0f54861ab46}</UniqueIdentifier>
    </Filter>
    <Filter Include="playGround\loadingTest">
      <UniqueIdentifier>{086d7d42-5749-4b9a-95a5-47cb332d63cb}</UniqueIdentifier>
    </Filter>
    <Filter Include="playGround\BattleScene">
      <UniqueIdentifier>{c3eff8c5-1a84-4625-81d6-7b8e68610cc7}</UniqueIdentifier>
    </Filter>
    <Filter Include="playGround\player">
      <UniqueIdentifier>{0d0cca3c-c64a-48f3-8afb-2994189bda27}</UniqueIdentifier>
    </Filter>
    <Filter Include="playGround\Item">
      <UniqueIdentifier>{54a45e7b-f0e4-4e54-8925-6c8a6d24991d}</UniqueIdentifier>
    </Filter>
    <Filter Include="2DGameFramework\dialogue">
      <UniqueIdentifier>{8231fef2-85b3-45cc-b453-9a728e3142b8}</UniqueIdentifier>
    </Filter>
    <Filter Include="playGround\mapTool">
      <UniqueIdentifier>{65baf068-6464-439c-8123-fbc2de1b1840}</UniqueIdentifier>
    </Filter>
    <Filter Include="playGround\tile">
      <UniqueIdentifier>{febc90b2-d2f8-4e6b-8304-28157990cf17}</UniqueIdentifier>
    </Filter>
    <Filter Include="playGround\BattleScene\enemy">
      <UniqueIdentifier>{e47d2557-b5bc-4e84-b86f-440974d60961}</UniqueIdentifier>
    </Filter>
    <Filter Include="playGround\BattleScene\battlePlayer">
      <UniqueIdentifier>{f1dd624b-c9ff-4e56-bb8f-aaad9ecdff33}</UniqueIdentifier>
    </Filter>
  </ItemGroup>
  <ItemGroup>
    <Text Include="ReadMe.txt" />
  </ItemGroup>
  <ItemGroup>
    <ClInclude Include="stdafx.h">
      <Filter>헤더 파일</Filter>
    </ClInclude>
    <ClInclude Include="targetver.h">
      <Filter>헤더 파일</Filter>
    </ClInclude>
    <ClInclude Include="Resource.h">
      <Filter>헤더 파일</Filter>
    </ClInclude>
    <ClInclude Include="commonMacroFunction.h">
      <Filter>헤더 파일</Filter>
    </ClInclude>
    <ClInclude Include="singletonBase.h">
      <Filter>2DGameFramework\SingletonBase</Filter>
    </ClInclude>
    <ClInclude Include="gameNode.h">
      <Filter>2DGameFramework</Filter>
    </ClInclude>
    <ClInclude Include="playGround.h">
      <Filter>playGround</Filter>
    </ClInclude>
    <ClInclude Include="keyManager.h">
      <Filter>2DGameFramework\Manager</Filter>
    </ClInclude>
    <ClInclude Include="randomFunction.h">
      <Filter>헤더 파일</Filter>
    </ClInclude>
    <ClInclude Include="utils.h">
      <Filter>2DGameFramework\utils</Filter>
    </ClInclude>
    <ClInclude Include="image.h">
      <Filter>2DGameFramework\image</Filter>
    </ClInclude>
    <ClInclude Include="collision.h">
      <Filter>2DGameFramework\utils</Filter>
    </ClInclude>
    <ClInclude Include="imageManager.h">
      <Filter>2DGameFramework\Manager</Filter>
    </ClInclude>
    <ClInclude Include="progressBar.h">
      <Filter>2DGameFramework\progressBar</Filter>
    </ClInclude>
    <ClInclude Include="txtData.h">
      <Filter>2DGameFramework\txtData</Filter>
    </ClInclude>
    <ClInclude Include="soundManager.h">
      <Filter>2DGameFramework\Manager</Filter>
    </ClInclude>
    <ClInclude Include="timer.h">
      <Filter>2DGameFramework\timer</Filter>
    </ClInclude>
    <ClInclude Include="timeManager.h">
      <Filter>2DGameFramework\Manager</Filter>
    </ClInclude>
    <ClInclude Include="animation.h">
      <Filter>2DGameFramework\animation</Filter>
    </ClInclude>
    <ClInclude Include="effect.h">
      <Filter>2DGameFramework\effect</Filter>
    </ClInclude>
    <ClInclude Include="effectManager.h">
      <Filter>2DGameFramework\Manager</Filter>
    </ClInclude>
    <ClInclude Include="iniDataManager.h">
      <Filter>2DGameFramework\Manager</Filter>
    </ClInclude>
    <ClInclude Include="sceneManager.h">
      <Filter>2DGameFramework\Manager</Filter>
    </ClInclude>
    <ClInclude Include="button.h">
      <Filter>2DGameFramework\button</Filter>
    </ClInclude>
    <ClInclude Include="database.h">
      <Filter>playGround\database</Filter>
    </ClInclude>
    <ClInclude Include="action.h">
      <Filter>2DGameFramework\action</Filter>
    </ClInclude>
    <ClInclude Include="keyAniManager.h">
      <Filter>2DGameFramework\Manager</Filter>
    </ClInclude>
    <ClInclude Include="loading.h">
      <Filter>2DGameFramework\loading</Filter>
    </ClInclude>
    <ClInclude Include="BattleScene.h">
      <Filter>playGround\BattleScene</Filter>
    </ClInclude>
    <ClInclude Include="playerMother.h">
      <Filter>playGround\player</Filter>
    </ClInclude>
    <ClInclude Include="battlePlayerMother.h">
      <Filter>playGround\BattleScene\battlePlayer</Filter>
    </ClInclude>
    <ClInclude Include="Tina.h">
      <Filter>playGround\player</Filter>
    </ClInclude>
    <ClInclude Include="Locke.h">
      <Filter>playGround\player</Filter>
    </ClInclude>
    <ClInclude Include="shadow.h">
      <Filter>playGround\player</Filter>
    </ClInclude>
    <ClInclude Include="itemMother.h">
      <Filter>playGround\Item</Filter>
    </ClInclude>
    <ClInclude Include="celes.h">
      <Filter>playGround\player</Filter>
    </ClInclude>
    <ClInclude Include="mapTool.h">
      <Filter>playGround\mapTool</Filter>
    </ClInclude>
    <ClInclude Include="tileInfo.h">
      <Filter>playGround\tile</Filter>
    </ClInclude>
    <ClInclude Include="tile.h">
      <Filter>playGround\tile</Filter>
    </ClInclude>
    <ClInclude Include="Enemy.h">
      <Filter>playGround\BattleScene\enemy</Filter>
    </ClInclude>
    <ClInclude Include="DarkWind.h">
      <Filter>playGround\BattleScene\enemy</Filter>
    </ClInclude>
    <ClInclude Include="Bear.h">
      <Filter>playGround\BattleScene\enemy</Filter>
    </ClInclude>
    <ClInclude Include="VectorPup.h">
      <Filter>playGround\BattleScene\enemy</Filter>
    </ClInclude>
    <ClInclude Include="loadingScene.h">
      <Filter>playGround\loadingTest</Filter>
    </ClInclude>
    <ClInclude Include="battleTina.h">
      <Filter>playGround\BattleScene\battlePlayer</Filter>
    </ClInclude>
    <ClInclude Include="battleShadow.h">
      <Filter>playGround\BattleScene\battlePlayer</Filter>
    </ClInclude>
    <ClInclude Include="battleLocke.h">
      <Filter>playGround\BattleScene\battlePlayer</Filter>
    </ClInclude>
    <ClInclude Include="battleCeles.h">
      <Filter>playGround\BattleScene\battlePlayer</Filter>
    </ClInclude>
    <ClInclude Include="bossAtma.h">
      <Filter>playGround\BattleScene\enemy</Filter>
    </ClInclude>
    <ClInclude Include="covert.h">
      <Filter>playGround\BattleScene\enemy</Filter>
    </ClInclude>
    <ClInclude Include="gobbler.h">
      <Filter>playGround\BattleScene\enemy</Filter>
    </ClInclude>
    <ClInclude Include="guard.h">
      <Filter>playGround\BattleScene\enemy</Filter>
    </ClInclude>
    <ClInclude Include="samurai.h">
      <Filter>playGround\BattleScene\enemy</Filter>
    </ClInclude>
    <ClInclude Include="siren.h">
      <Filter>playGround\BattleScene\enemy</Filter>
    </ClInclude>
    <ClInclude Include="tornadoShark.h">
      <Filter>playGround\BattleScene\enemy</Filter>
    </ClInclude>
  </ItemGroup>
  <ItemGroup>
    <ClCompile Include="stdafx.cpp">
      <Filter>소스 파일</Filter>
    </ClCompile>
    <ClCompile Include="winMain.cpp">
      <Filter>소스 파일</Filter>
    </ClCompile>
    <ClCompile Include="gameNode.cpp">
      <Filter>2DGameFramework</Filter>
    </ClCompile>
    <ClCompile Include="playGround.cpp">
      <Filter>playGround</Filter>
    </ClCompile>
    <ClCompile Include="keyManager.cpp">
      <Filter>2DGameFramework\Manager</Filter>
    </ClCompile>
    <ClCompile Include="utils.cpp">
      <Filter>2DGameFramework\utils</Filter>
    </ClCompile>
    <ClCompile Include="image.cpp">
      <Filter>2DGameFramework\image</Filter>
    </ClCompile>
    <ClCompile Include="collision.cpp">
      <Filter>2DGameFramework\utils</Filter>
    </ClCompile>
    <ClCompile Include="imageManager.cpp">
      <Filter>2DGameFramework\Manager</Filter>
    </ClCompile>
    <ClCompile Include="progressBar.cpp">
      <Filter>2DGameFramework\progressBar</Filter>
    </ClCompile>
    <ClCompile Include="txtData.cpp">
      <Filter>2DGameFramework\txtData</Filter>
    </ClCompile>
    <ClCompile Include="soundManager.cpp">
      <Filter>2DGameFramework\Manager</Filter>
    </ClCompile>
    <ClCompile Include="timer.cpp">
      <Filter>2DGameFramework\timer</Filter>
    </ClCompile>
    <ClCompile Include="timeManager.cpp">
      <Filter>2DGameFramework\Manager</Filter>
    </ClCompile>
    <ClCompile Include="animation.cpp">
      <Filter>2DGameFramework\animation</Filter>
    </ClCompile>
    <ClCompile Include="effect.cpp">
      <Filter>2DGameFramework\effect</Filter>
    </ClCompile>
    <ClCompile Include="effectManager.cpp">
      <Filter>2DGameFramework\Manager</Filter>
    </ClCompile>
    <ClCompile Include="iniDataManager.cpp">
      <Filter>2DGameFramework\Manager</Filter>
    </ClCompile>
    <ClCompile Include="sceneManager.cpp">
      <Filter>2DGameFramework\Manager</Filter>
    </ClCompile>
    <ClCompile Include="button.cpp">
      <Filter>2DGameFramework\button</Filter>
    </ClCompile>
    <ClCompile Include="database.cpp">
      <Filter>playGround\database</Filter>
    </ClCompile>
    <ClCompile Include="action.cpp">
      <Filter>2DGameFramework\action</Filter>
    </ClCompile>
    <ClCompile Include="keyAniManager.cpp">
      <Filter>2DGameFramework\Manager</Filter>
    </ClCompile>
    <ClCompile Include="loading.cpp">
      <Filter>2DGameFramework\loading</Filter>
    </ClCompile>
    <ClCompile Include="BattleScene.cpp">
      <Filter>playGround\BattleScene</Filter>
    </ClCompile>
    <ClCompile Include="playerMother.cpp">
      <Filter>playGround\player</Filter>
    </ClCompile>
    <ClCompile Include="battlePlayerMother.cpp">
      <Filter>playGround\BattleScene\battlePlayer</Filter>
    </ClCompile>
    <ClCompile Include="Tina.cpp">
      <Filter>playGround\player</Filter>
    </ClCompile>
    <ClCompile Include="Locke.cpp">
      <Filter>playGround\player</Filter>
    </ClCompile>
    <ClCompile Include="shadow.cpp">
      <Filter>playGround\player</Filter>
    </ClCompile>
    <ClCompile Include="itemMother.cpp">
      <Filter>playGround\Item</Filter>
    </ClCompile>
    <ClCompile Include="celes.cpp">
      <Filter>playGround\player</Filter>
    </ClCompile>
    <ClCompile Include="mapTool.cpp">
      <Filter>playGround\mapTool</Filter>
    </ClCompile>
    <ClCompile Include="tile.cpp">
      <Filter>playGround\tile</Filter>
    </ClCompile>
    <ClCompile Include="Enemy.cpp">
      <Filter>playGround\BattleScene\enemy</Filter>
    </ClCompile>
    <ClCompile Include="DarkWind.cpp">
      <Filter>playGround\BattleScene\enemy</Filter>
    </ClCompile>
    <ClCompile Include="Bear.cpp">
      <Filter>playGround\BattleScene\enemy</Filter>
    </ClCompile>
    <ClCompile Include="VectorPup.cpp">
      <Filter>playGround\BattleScene\enemy</Filter>
    </ClCompile>
    <ClCompile Include="loadingScene.cpp">
      <Filter>playGround\loadingTest</Filter>
    </ClCompile>
    <ClCompile Include="battleTina.cpp">
      <Filter>playGround\BattleScene\battlePlayer</Filter>
    </ClCompile>
    <ClCompile Include="battleShadow.cpp">
      <Filter>playGround\BattleScene\battlePlayer</Filter>
    </ClCompile>
    <ClCompile Include="battleCeles.cpp">
      <Filter>playGround\BattleScene\battlePlayer</Filter>
    </ClCompile>
    <ClCompile Include="battleLocke.cpp">
      <Filter>playGround\BattleScene\battlePlayer</Filter>
    </ClCompile>
    <ClCompile Include="bossAtma.cpp">
      <Filter>playGround\BattleScene\enemy</Filter>
    </ClCompile>
    <ClCompile Include="covert.cpp">
      <Filter>playGround\BattleScene\enemy</Filter>
    </ClCompile>
    <ClCompile Include="gobbler.cpp">
      <Filter>playGround\BattleScene\enemy</Filter>
    </ClCompile>
    <ClCompile Include="guard.cpp">
      <Filter>playGround\BattleScene\enemy</Filter>
    </ClCompile>
    <ClCompile Include="samurai.cpp">
      <Filter>playGround\BattleScene\enemy</Filter>
    </ClCompile>
    <ClCompile Include="siren.cpp">
      <Filter>playGround\BattleScene\enemy</Filter>
    </ClCompile>
    <ClCompile Include="tornadoShark.cpp">
      <Filter>playGround\BattleScene\enemy</Filter>
    </ClCompile>
  </ItemGroup>
</Project>