<?xml version="1.0" encoding="utf-8"?>
<Project ToolsVersion="4.0" xmlns="http://schemas.microsoft.com/developer/msbuild/2003">
  <ItemGroup>
    <Filter Include="소스 파일">
      <UniqueIdentifier>{4FC737F1-C7A5-4376-A066-2A32D752A2FF}</UniqueIdentifier>
      <Extensions>cpp;c;cc;cxx;def;odl;idl;hpj;bat;asm;asmx</Extensions>
    </Filter>
    <Filter Include="헤더 파일">
      <UniqueIdentifier>{93995380-89BD-4b04-88EB-625FBE52EBFB}</UniqueIdentifier>
      <Extensions>h;hh;hpp;hxx;hm;inl;inc;xsd</Extensions>
    </Filter>
    <Filter Include="리소스 파일">
      <UniqueIdentifier>{67DA6AB6-F800-4c08-8B7A-83BB121AAD01}</UniqueIdentifier>
      <Extensions>rc;ico;cur;bmp;dlg;rc2;rct;bin;rgs;gif;jpg;jpeg;jpe;resx;tiff;tif;png;wav;mfcribbon-ms</Extensions>
    </Filter>
    <Filter Include="2DGameFramework">
      <UniqueIdentifier>{b4146623-4b24-44c1-87dc-0e8cec034f06}</UniqueIdentifier>
    </Filter>
    <Filter Include="2DGameFramework\Manager">
      <UniqueIdentifier>{6962b22c-d548-4262-9752-fb1e528a3599}</UniqueIdentifier>
    </Filter>
    <Filter Include="2DGameFramework\SingletonBase">
      <UniqueIdentifier>{2a373353-7049-468b-aafa-704bf915bc37}</UniqueIdentifier>
    </Filter>
    <Filter Include="playGround">
      <UniqueIdentifier>{fa02fe7e-ee7e-4381-a0bc-0416f23a9e19}</UniqueIdentifier>
    </Filter>
    <Filter Include="2DGameFramework\utils">
      <UniqueIdentifier>{eb08efa7-ef11-477f-a6b9-eccfd2ad7362}</UniqueIdentifier>
    </Filter>
    <Filter Include="2DGameFramework\image">
      <UniqueIdentifier>{efeeb4a5-f3de-4942-a317-21258d10129e}</UniqueIdentifier>
    </Filter>
    <Filter Include="2DGameFramework\progressBar">
      <UniqueIdentifier>{f316504a-bdda-4a8d-b01b-87142c0dfff6}</UniqueIdentifier>
    </Filter>
    <Filter Include="2DGameFramework\txtData">
      <UniqueIdentifier>{6427a303-db83-46d4-9153-174a59ebbd5c}</UniqueIdentifier>
    </Filter>
    <Filter Include="2DGameFramework\timer">
      <UniqueIdentifier>{81a1ecf0-c5d4-4d38-aff0-88d627da739d}</UniqueIdentifier>
    </Filter>
    <Filter Include="2DGameFramework\animation">
      <UniqueIdentifier>{36edd43f-84b3-437b-a98f-8bee21478470}</UniqueIdentifier>
    </Filter>
    <Filter Include="2DGameFramework\effect">
      <UniqueIdentifier>{d5d4bd3c-2dec-49d9-bcb4-10db4f4b59c1}</UniqueIdentifier>
    </Filter>
    <Filter Include="2DGameFramework\button">
      <UniqueIdentifier>{fdd9079e-654a-4eca-b42b-ccdc2f90c269}</UniqueIdentifier>
    </Filter>
    <Filter Include="playGround\database">
      <UniqueIdentifier>{ba6f4ce8-e3a7-4f91-ae07-a11d46aeddf3}</UniqueIdentifier>
    </Filter>
    <Filter Include="2DGameFramework\action">
      <UniqueIdentifier>{b3e765fe-3f62-4682-9f1a-6ee96401a17c}</UniqueIdentifier>
    </Filter>
    <Filter Include="2DGameFramework\loading">
      <UniqueIdentifier>{74449c60-db19-4868-b90c-d0f54861ab46}</UniqueIdentifier>
    </Filter>
    <Filter Include="playGround\BattleScene">
      <UniqueIdentifier>{c3eff8c5-1a84-4625-81d6-7b8e68610cc7}</UniqueIdentifier>
    </Filter>
    <Filter Include="playGround\player">
      <UniqueIdentifier>{0d0cca3c-c64a-48f3-8afb-2994189bda27}</UniqueIdentifier>
    </Filter>
    <Filter Include="playGround\Item">
      <UniqueIdentifier>{54a45e7b-f0e4-4e54-8925-6c8a6d24991d}</UniqueIdentifier>
    </Filter>
    <Filter Include="2DGameFramework\dialogue">
      <UniqueIdentifier>{8231fef2-85b3-45cc-b453-9a728e3142b8}</UniqueIdentifier>
    </Filter>
    <Filter Include="playGround\mapTool">
      <UniqueIdentifier>{65baf068-6464-439c-8123-fbc2de1b1840}</UniqueIdentifier>
    </Filter>
    <Filter Include="playGround\tile">
      <UniqueIdentifier>{febc90b2-d2f8-4e6b-8304-28157990cf17}</UniqueIdentifier>
    </Filter>
    <Filter Include="playGround\BattleScene\enemy">
      <UniqueIdentifier>{e47d2557-b5bc-4e84-b86f-440974d60961}</UniqueIdentifier>
    </Filter>
    <Filter Include="playGround\BattleScene\battlePlayer">
      <UniqueIdentifier>{f1dd624b-c9ff-4e56-bb8f-aaad9ecdff33}</UniqueIdentifier>
    </Filter>
    <Filter Include="playGround\gameMenu">
      <UniqueIdentifier>{e71890ab-cb9a-45d4-9190-44bcdd3654df}</UniqueIdentifier>
    </Filter>
    <Filter Include="playGround\gameMenu\menu">
      <UniqueIdentifier>{9dce1b1e-f6c3-4509-af36-14ed6e29dd33}</UniqueIdentifier>
    </Filter>
    <Filter Include="playGround\gameMenu\scene">
      <UniqueIdentifier>{6e70b746-f8e2-4566-ad0f-1fb008f3de66}</UniqueIdentifier>
    </Filter>
    <Filter Include="playGround\MapScene">
      <UniqueIdentifier>{b3920b6a-4d32-4b31-8d0e-7d58cf3cfefb}</UniqueIdentifier>
    </Filter>
    <Filter Include="playGround\A%2a">
      <UniqueIdentifier>{f1200452-fd40-4a4a-a492-12c97be95f13}</UniqueIdentifier>
    </Filter>
    <Filter Include="playGround\MapScene\map">
      <UniqueIdentifier>{f4d88816-4013-4158-bf7a-ee9380dfaab6}</UniqueIdentifier>
    </Filter>
    <Filter Include="playGround\gameMenu\etc">
      <UniqueIdentifier>{b307a776-7af2-4f28-b2e5-89a796b2fc4a}</UniqueIdentifier>
    </Filter>
    <Filter Include="playGround\MapScene\NPC">
      <UniqueIdentifier>{b857bb52-533a-4884-ad55-8d5ded15e77f}</UniqueIdentifier>
    </Filter>
    <Filter Include="playGround\MapScene\worldMapPlayer">
      <UniqueIdentifier>{653f9036-5e79-4f48-b386-b1bcfe5ba443}</UniqueIdentifier>
    </Filter>
    <Filter Include="playGround\MapScene\worldMapEnemy">
      <UniqueIdentifier>{7f111f05-2a8e-4b35-af62-34810c7778d2}</UniqueIdentifier>
    </Filter>
    <Filter Include="playGround\Item\expendables">
      <UniqueIdentifier>{0c033aba-7e86-4351-b31f-7b93cf5d8da3}</UniqueIdentifier>
    </Filter>
    <Filter Include="playGround\Item\armor">
      <UniqueIdentifier>{f3ad74cf-ed6f-4744-9858-1f23336358ca}</UniqueIdentifier>
    </Filter>
    <Filter Include="playGround\Item\weapon">
      <UniqueIdentifier>{a7d99341-1d2f-46b6-81c7-7dc7f8271cf7}</UniqueIdentifier>
    </Filter>
    <Filter Include="playGround\gameOver">
      <UniqueIdentifier>{f30130bc-7182-4bd3-8e2c-1fe11e513fef}</UniqueIdentifier>
    </Filter>
    <Filter Include="playGround\MapScene\cameraManager">
      <UniqueIdentifier>{58e846c3-022b-4407-b652-88b22be0d4ba}</UniqueIdentifier>
    </Filter>
    <Filter Include="playGround\MapScene\store">
      <UniqueIdentifier>{fc97796b-7865-4d21-8f31-cd6524fbd1a3}</UniqueIdentifier>
    </Filter>
    <Filter Include="playGround\gameMenu\menu\character">
      <UniqueIdentifier>{fcfef6ad-ae5e-49a9-9c9b-80b2abbaf78b}</UniqueIdentifier>
    </Filter>
  </ItemGroup>
  <ItemGroup>
    <Text Include="ReadMe.txt" />
  </ItemGroup>
  <ItemGroup>
    <ClInclude Include="stdafx.h">
      <Filter>헤더 파일</Filter>
    </ClInclude>
    <ClInclude Include="targetver.h">
      <Filter>헤더 파일</Filter>
    </ClInclude>
    <ClInclude Include="Resource.h">
      <Filter>헤더 파일</Filter>
    </ClInclude>
    <ClInclude Include="commonMacroFunction.h">
      <Filter>헤더 파일</Filter>
    </ClInclude>
    <ClInclude Include="singletonBase.h">
      <Filter>2DGameFramework\SingletonBase</Filter>
    </ClInclude>
    <ClInclude Include="gameNode.h">
      <Filter>2DGameFramework</Filter>
    </ClInclude>
    <ClInclude Include="playGround.h">
      <Filter>playGround</Filter>
    </ClInclude>
    <ClInclude Include="keyManager.h">
      <Filter>2DGameFramework\Manager</Filter>
    </ClInclude>
    <ClInclude Include="randomFunction.h">
      <Filter>헤더 파일</Filter>
    </ClInclude>
    <ClInclude Include="utils.h">
      <Filter>2DGameFramework\utils</Filter>
    </ClInclude>
    <ClInclude Include="image.h">
      <Filter>2DGameFramework\image</Filter>
    </ClInclude>
    <ClInclude Include="collision.h">
      <Filter>2DGameFramework\utils</Filter>
    </ClInclude>
    <ClInclude Include="imageManager.h">
      <Filter>2DGameFramework\Manager</Filter>
    </ClInclude>
    <ClInclude Include="progressBar.h">
      <Filter>2DGameFramework\progressBar</Filter>
    </ClInclude>
    <ClInclude Include="txtData.h">
      <Filter>2DGameFramework\txtData</Filter>
    </ClInclude>
    <ClInclude Include="soundManager.h">
      <Filter>2DGameFramework\Manager</Filter>
    </ClInclude>
    <ClInclude Include="timer.h">
      <Filter>2DGameFramework\timer</Filter>
    </ClInclude>
    <ClInclude Include="timeManager.h">
      <Filter>2DGameFramework\Manager</Filter>
    </ClInclude>
    <ClInclude Include="animation.h">
      <Filter>2DGameFramework\animation</Filter>
    </ClInclude>
    <ClInclude Include="effect.h">
      <Filter>2DGameFramework\effect</Filter>
    </ClInclude>
    <ClInclude Include="effectManager.h">
      <Filter>2DGameFramework\Manager</Filter>
    </ClInclude>
    <ClInclude Include="iniDataManager.h">
      <Filter>2DGameFramework\Manager</Filter>
    </ClInclude>
    <ClInclude Include="sceneManager.h">
      <Filter>2DGameFramework\Manager</Filter>
    </ClInclude>
    <ClInclude Include="button.h">
      <Filter>2DGameFramework\button</Filter>
    </ClInclude>
    <ClInclude Include="database.h">
      <Filter>playGround\database</Filter>
    </ClInclude>
    <ClInclude Include="action.h">
      <Filter>2DGameFramework\action</Filter>
    </ClInclude>
    <ClInclude Include="keyAniManager.h">
      <Filter>2DGameFramework\Manager</Filter>
    </ClInclude>
    <ClInclude Include="loading.h">
      <Filter>2DGameFramework\loading</Filter>
    </ClInclude>
    <ClInclude Include="BattleScene.h">
      <Filter>playGround\BattleScene</Filter>
    </ClInclude>
    <ClInclude Include="playerMother.h">
      <Filter>playGround\player</Filter>
    </ClInclude>
    <ClInclude Include="battlePlayerMother.h">
      <Filter>playGround\BattleScene\battlePlayer</Filter>
    </ClInclude>
    <ClInclude Include="Tina.h">
      <Filter>playGround\player</Filter>
    </ClInclude>
    <ClInclude Include="Locke.h">
      <Filter>playGround\player</Filter>
    </ClInclude>
    <ClInclude Include="shadow.h">
      <Filter>playGround\player</Filter>
    </ClInclude>
    <ClInclude Include="itemMother.h">
      <Filter>playGround\Item</Filter>
    </ClInclude>
    <ClInclude Include="celes.h">
      <Filter>playGround\player</Filter>
    </ClInclude>
    <ClInclude Include="mapTool.h">
      <Filter>playGround\mapTool</Filter>
    </ClInclude>
    <ClInclude Include="tileInfo.h">
      <Filter>playGround\tile</Filter>
    </ClInclude>
    <ClInclude Include="tile.h">
      <Filter>playGround\tile</Filter>
    </ClInclude>
    <ClInclude Include="Enemy.h">
      <Filter>playGround\BattleScene\enemy</Filter>
    </ClInclude>
    <ClInclude Include="DarkWind.h">
      <Filter>playGround\BattleScene\enemy</Filter>
    </ClInclude>
    <ClInclude Include="Bear.h">
      <Filter>playGround\BattleScene\enemy</Filter>
    </ClInclude>
    <ClInclude Include="VectorPup.h">
      <Filter>playGround\BattleScene\enemy</Filter>
    </ClInclude>
    <ClInclude Include="battleTina.h">
      <Filter>playGround\BattleScene\battlePlayer</Filter>
    </ClInclude>
    <ClInclude Include="battleShadow.h">
      <Filter>playGround\BattleScene\battlePlayer</Filter>
    </ClInclude>
    <ClInclude Include="battleLocke.h">
      <Filter>playGround\BattleScene\battlePlayer</Filter>
    </ClInclude>
    <ClInclude Include="battleCeles.h">
      <Filter>playGround\BattleScene\battlePlayer</Filter>
    </ClInclude>
    <ClInclude Include="bossAtma.h">
      <Filter>playGround\BattleScene\enemy</Filter>
    </ClInclude>
    <ClInclude Include="covert.h">
      <Filter>playGround\BattleScene\enemy</Filter>
    </ClInclude>
    <ClInclude Include="gobbler.h">
      <Filter>playGround\BattleScene\enemy</Filter>
    </ClInclude>
    <ClInclude Include="guard.h">
      <Filter>playGround\BattleScene\enemy</Filter>
    </ClInclude>
    <ClInclude Include="samurai.h">
      <Filter>playGround\BattleScene\enemy</Filter>
    </ClInclude>
    <ClInclude Include="siren.h">
      <Filter>playGround\BattleScene\enemy</Filter>
    </ClInclude>
    <ClInclude Include="tornadoShark.h">
      <Filter>playGround\BattleScene\enemy</Filter>
    </ClInclude>
    <ClInclude Include="playerManager.h">
      <Filter>playGround\player</Filter>
    </ClInclude>
    <ClInclude Include="resource1.h">
      <Filter>헤더 파일</Filter>
    </ClInclude>
    <ClInclude Include="playerImproveInfo.h">
      <Filter>playGround\player</Filter>
    </ClInclude>
    <ClInclude Include="abilitiesMenu.h">
      <Filter>playGround\gameMenu\menu</Filter>
    </ClInclude>
    <ClInclude Include="configMenu.h">
      <Filter>playGround\gameMenu\menu</Filter>
    </ClInclude>
    <ClInclude Include="equipMenu.h">
      <Filter>playGround\gameMenu\menu</Filter>
    </ClInclude>
    <ClInclude Include="GameMenuManager.h">
      <Filter>playGround\gameMenu</Filter>
    </ClInclude>
    <ClInclude Include="itemMenu.h">
      <Filter>playGround\gameMenu\menu</Filter>
    </ClInclude>
    <ClInclude Include="loadingScene.h">
      <Filter>playGround\gameMenu\scene</Filter>
    </ClInclude>
    <ClInclude Include="openingScene.h">
      <Filter>playGround\gameMenu\scene</Filter>
    </ClInclude>
    <ClInclude Include="saveLoadMenu.h">
      <Filter>playGround\gameMenu\menu</Filter>
    </ClInclude>
    <ClInclude Include="statusMenu.h">
      <Filter>playGround\gameMenu\menu</Filter>
    </ClInclude>
    <ClInclude Include="titleScene.h">
      <Filter>playGround\gameMenu\scene</Filter>
    </ClInclude>
    <ClInclude Include="menu.h">
      <Filter>playGround\gameMenu</Filter>
    </ClInclude>
    <ClInclude Include="optionMenu.h">
      <Filter>playGround\gameMenu\menu</Filter>
    </ClInclude>
    <ClInclude Include="dialogueManager.h">
      <Filter>2DGameFramework\dialogue</Filter>
    </ClInclude>
    <ClInclude Include="worldMapScene.h">
      <Filter>playGround\MapScene</Filter>
    </ClInclude>
    <ClInclude Include="townScene.h">
      <Filter>playGround\MapScene</Filter>
    </ClInclude>
    <ClInclude Include="worldMap.h">
      <Filter>playGround\MapScene\map</Filter>
    </ClInclude>
    <ClInclude Include="townMap.h">
      <Filter>playGround\MapScene\map</Filter>
    </ClInclude>
    <ClInclude Include="aStar.h">
      <Filter>playGround\A%2a</Filter>
    </ClInclude>
    <ClInclude Include="fButton.h">
      <Filter>playGround\gameMenu\etc</Filter>
    </ClInclude>
    <ClInclude Include="newGame.h">
      <Filter>playGround\gameMenu\scene</Filter>
    </ClInclude>
    <ClInclude Include="loadGame.h">
      <Filter>playGround\gameMenu\scene</Filter>
    </ClInclude>
    <ClInclude Include="npcMother.h">
      <Filter>playGround\MapScene\NPC</Filter>
    </ClInclude>
    <ClInclude Include="npc1.h">
      <Filter>playGround\MapScene\NPC</Filter>
    </ClInclude>
    <ClInclude Include="npc2.h">
      <Filter>playGround\MapScene\NPC</Filter>
    </ClInclude>
    <ClInclude Include="npc3.h">
      <Filter>playGround\MapScene\NPC</Filter>
    </ClInclude>
    <ClInclude Include="npc4.h">
      <Filter>playGround\MapScene\NPC</Filter>
    </ClInclude>
    <ClInclude Include="npc5.h">
      <Filter>playGround\MapScene\NPC</Filter>
    </ClInclude>
    <ClInclude Include="npcManager.h">
      <Filter>playGround\MapScene\NPC</Filter>
    </ClInclude>
    <ClInclude Include="worldMapPlayer.h">
      <Filter>playGround\MapScene\worldMapPlayer</Filter>
    </ClInclude>
    <ClInclude Include="worldMapEnemy.h">
      <Filter>playGround\MapScene\worldMapEnemy</Filter>
    </ClInclude>
    <ClInclude Include="worldEnemyBear.h">
      <Filter>playGround\MapScene\worldMapEnemy</Filter>
    </ClInclude>
    <ClInclude Include="worldMapEnemySamurai.h">
      <Filter>playGround\MapScene\worldMapEnemy</Filter>
    </ClInclude>
    <ClInclude Include="itemManager.h">
      <Filter>playGround\Item</Filter>
    </ClInclude>
    <ClInclude Include="dialogProc.h">
      <Filter>playGround\mapTool</Filter>
    </ClInclude>
    <ClInclude Include="expendablesItem.h">
      <Filter>playGround\Item\expendables</Filter>
    </ClInclude>
    <ClInclude Include="weaponItem.h">
      <Filter>playGround\Item\weapon</Filter>
    </ClInclude>
    <ClInclude Include="armorItem.h">
      <Filter>playGround\Item\armor</Filter>
    </ClInclude>
    <ClInclude Include="worldMapEnemyManager.h">
      <Filter>playGround\MapScene\worldMapEnemy</Filter>
    </ClInclude>
    <ClInclude Include="worldMapEnemyVectorPup.h">
      <Filter>playGround\MapScene\worldMapEnemy</Filter>
    </ClInclude>
    <ClInclude Include="gameOverScene.h">
      <Filter>playGround\gameOver</Filter>
    </ClInclude>
    <ClInclude Include="cameraManager.h">
      <Filter>playGround\MapScene\cameraManager</Filter>
    </ClInclude>
    <ClInclude Include="weaponStore.h">
      <Filter>playGround\MapScene\store</Filter>
    </ClInclude>
    <ClInclude Include="armourStore.h">
      <Filter>playGround\MapScene\store</Filter>
    </ClInclude>
    <ClInclude Include="potionStore.h">
      <Filter>playGround\MapScene\store</Filter>
    </ClInclude>
    <ClInclude Include="characterAbility.h">
      <Filter>playGround\gameMenu\menu\character</Filter>
    </ClInclude>
    <ClInclude Include="characterStatus.h">
      <Filter>playGround\gameMenu\menu\character</Filter>
    </ClInclude>
    <ClInclude Include="generalMap.h">
      <Filter>playGround\MapScene\map</Filter>
    </ClInclude>
    <ClInclude Include="storeScene.h">
      <Filter>playGround\MapScene\store</Filter>
    </ClInclude>
    <ClInclude Include="magic.h">
      <Filter>playGround\BattleScene\battlePlayer</Filter>
    </ClInclude>
    <ClInclude Include="cursor.h">
      <Filter>playGround</Filter>
    </ClInclude>
    <ClInclude Include="worldMapTreasureBox.h">
      <Filter>playGround\MapScene\worldMapEnemy</Filter>
    </ClInclude>
  </ItemGroup>
  <ItemGroup>
    <ClCompile Include="stdafx.cpp">
      <Filter>소스 파일</Filter>
    </ClCompile>
    <ClCompile Include="winMain.cpp">
      <Filter>소스 파일</Filter>
    </ClCompile>
    <ClCompile Include="gameNode.cpp">
      <Filter>2DGameFramework</Filter>
    </ClCompile>
    <ClCompile Include="playGround.cpp">
      <Filter>playGround</Filter>
    </ClCompile>
    <ClCompile Include="keyManager.cpp">
      <Filter>2DGameFramework\Manager</Filter>
    </ClCompile>
    <ClCompile Include="utils.cpp">
      <Filter>2DGameFramework\utils</Filter>
    </ClCompile>
    <ClCompile Include="image.cpp">
      <Filter>2DGameFramework\image</Filter>
    </ClCompile>
    <ClCompile Include="collision.cpp">
      <Filter>2DGameFramework\utils</Filter>
    </ClCompile>
    <ClCompile Include="imageManager.cpp">
      <Filter>2DGameFramework\Manager</Filter>
    </ClCompile>
    <ClCompile Include="progressBar.cpp">
      <Filter>2DGameFramework\progressBar</Filter>
    </ClCompile>
    <ClCompile Include="txtData.cpp">
      <Filter>2DGameFramework\txtData</Filter>
    </ClCompile>
    <ClCompile Include="soundManager.cpp">
      <Filter>2DGameFramework\Manager</Filter>
    </ClCompile>
    <ClCompile Include="timer.cpp">
      <Filter>2DGameFramework\timer</Filter>
    </ClCompile>
    <ClCompile Include="timeManager.cpp">
      <Filter>2DGameFramework\Manager</Filter>
    </ClCompile>
    <ClCompile Include="animation.cpp">
      <Filter>2DGameFramework\animation</Filter>
    </ClCompile>
    <ClCompile Include="effect.cpp">
      <Filter>2DGameFramework\effect</Filter>
    </ClCompile>
    <ClCompile Include="effectManager.cpp">
      <Filter>2DGameFramework\Manager</Filter>
    </ClCompile>
    <ClCompile Include="iniDataManager.cpp">
      <Filter>2DGameFramework\Manager</Filter>
    </ClCompile>
    <ClCompile Include="sceneManager.cpp">
      <Filter>2DGameFramework\Manager</Filter>
    </ClCompile>
    <ClCompile Include="button.cpp">
      <Filter>2DGameFramework\button</Filter>
    </ClCompile>
    <ClCompile Include="database.cpp">
      <Filter>playGround\database</Filter>
    </ClCompile>
    <ClCompile Include="action.cpp">
      <Filter>2DGameFramework\action</Filter>
    </ClCompile>
    <ClCompile Include="keyAniManager.cpp">
      <Filter>2DGameFramework\Manager</Filter>
    </ClCompile>
    <ClCompile Include="loading.cpp">
      <Filter>2DGameFramework\loading</Filter>
    </ClCompile>
    <ClCompile Include="BattleScene.cpp">
      <Filter>playGround\BattleScene</Filter>
    </ClCompile>
    <ClCompile Include="playerMother.cpp">
      <Filter>playGround\player</Filter>
    </ClCompile>
    <ClCompile Include="battlePlayerMother.cpp">
      <Filter>playGround\BattleScene\battlePlayer</Filter>
    </ClCompile>
    <ClCompile Include="Tina.cpp">
      <Filter>playGround\player</Filter>
    </ClCompile>
    <ClCompile Include="Locke.cpp">
      <Filter>playGround\player</Filter>
    </ClCompile>
    <ClCompile Include="shadow.cpp">
      <Filter>playGround\player</Filter>
    </ClCompile>
    <ClCompile Include="itemMother.cpp">
      <Filter>playGround\Item</Filter>
    </ClCompile>
    <ClCompile Include="celes.cpp">
      <Filter>playGround\player</Filter>
    </ClCompile>
    <ClCompile Include="mapTool.cpp">
      <Filter>playGround\mapTool</Filter>
    </ClCompile>
    <ClCompile Include="tile.cpp">
      <Filter>playGround\tile</Filter>
    </ClCompile>
    <ClCompile Include="Enemy.cpp">
      <Filter>playGround\BattleScene\enemy</Filter>
    </ClCompile>
    <ClCompile Include="DarkWind.cpp">
      <Filter>playGround\BattleScene\enemy</Filter>
    </ClCompile>
    <ClCompile Include="Bear.cpp">
      <Filter>playGround\BattleScene\enemy</Filter>
    </ClCompile>
    <ClCompile Include="VectorPup.cpp">
      <Filter>playGround\BattleScene\enemy</Filter>
    </ClCompile>
    <ClCompile Include="battleTina.cpp">
      <Filter>playGround\BattleScene\battlePlayer</Filter>
    </ClCompile>
    <ClCompile Include="battleShadow.cpp">
      <Filter>playGround\BattleScene\battlePlayer</Filter>
    </ClCompile>
    <ClCompile Include="battleCeles.cpp">
      <Filter>playGround\BattleScene\battlePlayer</Filter>
    </ClCompile>
    <ClCompile Include="battleLocke.cpp">
      <Filter>playGround\BattleScene\battlePlayer</Filter>
    </ClCompile>
    <ClCompile Include="bossAtma.cpp">
      <Filter>playGround\BattleScene\enemy</Filter>
    </ClCompile>
    <ClCompile Include="covert.cpp">
      <Filter>playGround\BattleScene\enemy</Filter>
    </ClCompile>
    <ClCompile Include="gobbler.cpp">
      <Filter>playGround\BattleScene\enemy</Filter>
    </ClCompile>
    <ClCompile Include="guard.cpp">
      <Filter>playGround\BattleScene\enemy</Filter>
    </ClCompile>
    <ClCompile Include="samurai.cpp">
      <Filter>playGround\BattleScene\enemy</Filter>
    </ClCompile>
    <ClCompile Include="siren.cpp">
      <Filter>playGround\BattleScene\enemy</Filter>
    </ClCompile>
    <ClCompile Include="tornadoShark.cpp">
      <Filter>playGround\BattleScene\enemy</Filter>
    </ClCompile>
    <ClCompile Include="playerManager.cpp">
      <Filter>playGround\player</Filter>
    </ClCompile>
    <ClCompile Include="abilitiesMenu.cpp">
      <Filter>playGround\gameMenu\menu</Filter>
    </ClCompile>
    <ClCompile Include="configMenu.cpp">
      <Filter>playGround\gameMenu\menu</Filter>
    </ClCompile>
    <ClCompile Include="equipMenu.cpp">
      <Filter>playGround\gameMenu\menu</Filter>
    </ClCompile>
    <ClCompile Include="GameMenuManager.cpp">
      <Filter>playGround\gameMenu</Filter>
    </ClCompile>
    <ClCompile Include="itemMenu.cpp">
      <Filter>playGround\gameMenu\menu</Filter>
    </ClCompile>
    <ClCompile Include="loadingScene.cpp">
      <Filter>playGround\gameMenu\scene</Filter>
    </ClCompile>
    <ClCompile Include="openingScene.cpp">
      <Filter>playGround\gameMenu\scene</Filter>
    </ClCompile>
    <ClCompile Include="saveLoadMenu.cpp">
      <Filter>playGround\gameMenu\menu</Filter>
    </ClCompile>
    <ClCompile Include="statusMenu.cpp">
      <Filter>playGround\gameMenu\menu</Filter>
    </ClCompile>
    <ClCompile Include="titleScene.cpp">
      <Filter>playGround\gameMenu\scene</Filter>
    </ClCompile>
    <ClCompile Include="menu.cpp">
      <Filter>playGround\gameMenu</Filter>
    </ClCompile>
    <ClCompile Include="optionMenu.cpp">
      <Filter>playGround\gameMenu\menu</Filter>
    </ClCompile>
    <ClCompile Include="dialogueManager.cpp">
      <Filter>2DGameFramework\dialogue</Filter>
    </ClCompile>
    <ClCompile Include="worldMapScene.cpp">
      <Filter>playGround\MapScene</Filter>
    </ClCompile>
    <ClCompile Include="townScene.cpp">
      <Filter>playGround\MapScene</Filter>
    </ClCompile>
    <ClCompile Include="worldMap.cpp">
      <Filter>playGround\MapScene\map</Filter>
    </ClCompile>
    <ClCompile Include="townMap.cpp">
      <Filter>playGround\MapScene\map</Filter>
    </ClCompile>
    <ClCompile Include="aStar.cpp">
      <Filter>playGround\A%2a</Filter>
    </ClCompile>
    <ClCompile Include="fButton.cpp">
      <Filter>playGround\gameMenu\etc</Filter>
    </ClCompile>
    <ClCompile Include="newGame.cpp">
      <Filter>playGround\gameMenu\scene</Filter>
    </ClCompile>
    <ClCompile Include="loadGame.cpp">
      <Filter>playGround\gameMenu\scene</Filter>
    </ClCompile>
    <ClCompile Include="npcMother.cpp">
      <Filter>playGround\MapScene\NPC</Filter>
    </ClCompile>
    <ClCompile Include="npc1.cpp">
      <Filter>playGround\MapScene\NPC</Filter>
    </ClCompile>
    <ClCompile Include="npc2.cpp">
      <Filter>playGround\MapScene\NPC</Filter>
    </ClCompile>
    <ClCompile Include="npc3.cpp">
      <Filter>playGround\MapScene\NPC</Filter>
    </ClCompile>
    <ClCompile Include="npc4.cpp">
      <Filter>playGround\MapScene\NPC</Filter>
    </ClCompile>
    <ClCompile Include="npc5.cpp">
      <Filter>playGround\MapScene\NPC</Filter>
    </ClCompile>
    <ClCompile Include="npcManager.cpp">
      <Filter>playGround\MapScene\NPC</Filter>
    </ClCompile>
    <ClCompile Include="worldMapPlayer.cpp">
      <Filter>playGround\MapScene\worldMapPlayer</Filter>
    </ClCompile>
    <ClCompile Include="worldMapEnemy.cpp">
      <Filter>playGround\MapScene\worldMapEnemy</Filter>
    </ClCompile>
    <ClCompile Include="worldEnemyBear.cpp">
      <Filter>playGround\MapScene\worldMapEnemy</Filter>
    </ClCompile>
    <ClCompile Include="worldMapEnemySamurai.cpp">
      <Filter>playGround\MapScene\worldMapEnemy</Filter>
    </ClCompile>
    <ClCompile Include="itemManager.cpp">
      <Filter>playGround\Item</Filter>
    </ClCompile>
    <ClCompile Include="expendablesItem.cpp">
      <Filter>playGround\Item\expendables</Filter>
    </ClCompile>
    <ClCompile Include="weaponItem.cpp">
      <Filter>playGround\Item\weapon</Filter>
    </ClCompile>
    <ClCompile Include="armorItem.cpp">
      <Filter>playGround\Item\armor</Filter>
    </ClCompile>
    <ClCompile Include="worldMapEnemyManager.cpp">
      <Filter>playGround\MapScene\worldMapEnemy</Filter>
    </ClCompile>
    <ClCompile Include="worldMapEnemyVectorPup.cpp">
      <Filter>playGround\MapScene\worldMapEnemy</Filter>
    </ClCompile>
    <ClCompile Include="gameOverScene.cpp">
      <Filter>playGround\gameOver</Filter>
    </ClCompile>
    <ClCompile Include="cameraManager.cpp">
      <Filter>playGround\MapScene\cameraManager</Filter>
    </ClCompile>
    <ClCompile Include="weaponStore.cpp">
      <Filter>playGround\MapScene\store</Filter>
    </ClCompile>
    <ClCompile Include="armourStore.cpp">
      <Filter>playGround\MapScene\store</Filter>
    </ClCompile>
    <ClCompile Include="potionStore.cpp">
      <Filter>playGround\MapScene\store</Filter>
    </ClCompile>
    <ClCompile Include="characterAbility.cpp">
      <Filter>playGround\gameMenu\menu\character</Filter>
    </ClCompile>
    <ClCompile Include="characterStatus.cpp">
      <Filter>playGround\gameMenu\menu\character</Filter>
    </ClCompile>
    <ClCompile Include="playerImproveInfo.cpp">
      <Filter>playGround\player</Filter>
    </ClCompile>
    <ClCompile Include="generalMap.cpp">
      <Filter>playGround\MapScene\map</Filter>
    </ClCompile>
    <ClCompile Include="storeScene.cpp">
      <Filter>playGround\MapScene\store</Filter>
    </ClCompile>
    <ClCompile Include="magic.cpp">
      <Filter>playGround\BattleScene\battlePlayer</Filter>
    </ClCompile>
    <ClCompile Include="cursor.cpp">
      <Filter>playGround</Filter>
    </ClCompile>
    <ClCompile Include="worldMapTreasureBox.cpp">
      <Filter>playGround\MapScene\worldMapEnemy</Filter>
    </ClCompile>
  </ItemGroup>
  <ItemGroup>
    <ResourceCompile Include="FinalFantasy1.rc">
      <Filter>리소스 파일</Filter>
    </ResourceCompile>
  </ItemGroup>
</Project>